// !$*UTF8*$!
{
	archiveVersion = 1;
	classes = {
	};
	objectVersion = 55;
	objects = {

/* Begin PBXBuildFile section */
		32B25CF3282410D600EBA49F /* HomePod.swift in Sources */ = {isa = PBXBuildFile; fileRef = 32B25CF2282410D500EBA49F /* HomePod.swift */; };
		32B25CF52824110800EBA49F /* HomePodShape.swift in Sources */ = {isa = PBXBuildFile; fileRef = 32B25CF42824110800EBA49F /* HomePodShape.swift */; };
		32B25CF62824111100EBA49F /* HomePod.swift in Sources */ = {isa = PBXBuildFile; fileRef = 32B25CF2282410D500EBA49F /* HomePod.swift */; };
		32B25CF72824111300EBA49F /* HomePodShape.swift in Sources */ = {isa = PBXBuildFile; fileRef = 32B25CF42824110800EBA49F /* HomePodShape.swift */; };
		32B25CF9282A20BC00EBA49F /* MusicParticlesGeometryEffect.swift in Sources */ = {isa = PBXBuildFile; fileRef = 32B25CF8282A20BC00EBA49F /* MusicParticlesGeometryEffect.swift */; };
		32B25CFA282A20BC00EBA49F /* MusicParticlesGeometryEffect.swift in Sources */ = {isa = PBXBuildFile; fileRef = 32B25CF8282A20BC00EBA49F /* MusicParticlesGeometryEffect.swift */; };
		32B25CFC282A21CD00EBA49F /* ParticlesModifier.swift in Sources */ = {isa = PBXBuildFile; fileRef = 32B25CFB282A21CD00EBA49F /* ParticlesModifier.swift */; };
		32B25CFD282A21CD00EBA49F /* ParticlesModifier.swift in Sources */ = {isa = PBXBuildFile; fileRef = 32B25CFB282A21CD00EBA49F /* ParticlesModifier.swift */; };
		32C23D7A2824007E00CF7841 /* ObjectsApp.swift in Sources */ = {isa = PBXBuildFile; fileRef = 32C23D6A2824007D00CF7841 /* ObjectsApp.swift */; };
		32C23D7B2824007E00CF7841 /* ObjectsApp.swift in Sources */ = {isa = PBXBuildFile; fileRef = 32C23D6A2824007D00CF7841 /* ObjectsApp.swift */; };
		32C23D7D2824007E00CF7841 /* ContentView.swift in Sources */ = {isa = PBXBuildFile; fileRef = 32C23D6B2824007D00CF7841 /* ContentView.swift */; };
		32C23D7E2824007E00CF7841 /* Assets.xcassets in Resources */ = {isa = PBXBuildFile; fileRef = 32C23D6C2824007E00CF7841 /* Assets.xcassets */; };
		32C23D7F2824007E00CF7841 /* Assets.xcassets in Resources */ = {isa = PBXBuildFile; fileRef = 32C23D6C2824007E00CF7841 /* Assets.xcassets */; };
		32C23D882824021E00CF7841 /* ContentView.swift in Sources */ = {isa = PBXBuildFile; fileRef = 32C23D6B2824007D00CF7841 /* ContentView.swift */; };
/* End PBXBuildFile section */

/* Begin PBXFileReference section */
		32B25CF2282410D500EBA49F /* HomePod.swift */ = {isa = PBXFileReference; lastKnownFileType = sourcecode.swift; path = HomePod.swift; sourceTree = "<group>"; };
		32B25CF42824110800EBA49F /* HomePodShape.swift */ = {isa = PBXFileReference; lastKnownFileType = sourcecode.swift; path = HomePodShape.swift; sourceTree = "<group>"; };
		32B25CF8282A20BC00EBA49F /* MusicParticlesGeometryEffect.swift */ = {isa = PBXFileReference; lastKnownFileType = sourcecode.swift; path = MusicParticlesGeometryEffect.swift; sourceTree = "<group>"; };
		32B25CFB282A21CD00EBA49F /* ParticlesModifier.swift */ = {isa = PBXFileReference; lastKnownFileType = sourcecode.swift; path = ParticlesModifier.swift; sourceTree = "<group>"; };
		32C23D6A2824007D00CF7841 /* ObjectsApp.swift */ = {isa = PBXFileReference; lastKnownFileType = sourcecode.swift; path = ObjectsApp.swift; sourceTree = "<group>"; };
		32C23D6B2824007D00CF7841 /* ContentView.swift */ = {isa = PBXFileReference; lastKnownFileType = sourcecode.swift; path = ContentView.swift; sourceTree = "<group>"; };
		32C23D6C2824007E00CF7841 /* Assets.xcassets */ = {isa = PBXFileReference; lastKnownFileType = folder.assetcatalog; path = Assets.xcassets; sourceTree = "<group>"; };
		32C23D712824007E00CF7841 /* Objects.app */ = {isa = PBXFileReference; explicitFileType = wrapper.application; includeInIndex = 0; path = Objects.app; sourceTree = BUILT_PRODUCTS_DIR; };
		32C23D772824007E00CF7841 /* Objects.app */ = {isa = PBXFileReference; explicitFileType = wrapper.application; includeInIndex = 0; path = Objects.app; sourceTree = BUILT_PRODUCTS_DIR; };
		32C23D792824007E00CF7841 /* macOS.entitlements */ = {isa = PBXFileReference; lastKnownFileType = text.plist.entitlements; path = macOS.entitlements; sourceTree = "<group>"; };
/* End PBXFileReference section */

/* Begin PBXFrameworksBuildPhase section */
		32C23D6E2824007E00CF7841 /* Frameworks */ = {
			isa = PBXFrameworksBuildPhase;
			buildActionMask = 2147483647;
			files = (
			);
			runOnlyForDeploymentPostprocessing = 0;
		};
		32C23D742824007E00CF7841 /* Frameworks */ = {
			isa = PBXFrameworksBuildPhase;
			buildActionMask = 2147483647;
			files = (
			);
			runOnlyForDeploymentPostprocessing = 0;
		};
/* End PBXFrameworksBuildPhase section */

/* Begin PBXGroup section */
		32B25CF12824063E00EBA49F /* HomePod */ = {
			isa = PBXGroup;
			children = (
				32B25CF2282410D500EBA49F /* HomePod.swift */,
				32B25CF42824110800EBA49F /* HomePodShape.swift */,
				32B25CF8282A20BC00EBA49F /* MusicParticlesGeometryEffect.swift */,
				32B25CFB282A21CD00EBA49F /* ParticlesModifier.swift */,
			);
			path = HomePod;
			sourceTree = "<group>";
		};
		32C23D642824007C00CF7841 = {
			isa = PBXGroup;
			children = (
				32B25CF12824063E00EBA49F /* HomePod */,
				32C23D692824007D00CF7841 /* Shared */,
				32C23D782824007E00CF7841 /* macOS */,
				32C23D722824007E00CF7841 /* Products */,
			);
			sourceTree = "<group>";
		};
		32C23D692824007D00CF7841 /* Shared */ = {
			isa = PBXGroup;
			children = (
				32C23D6A2824007D00CF7841 /* ObjectsApp.swift */,
				32C23D6B2824007D00CF7841 /* ContentView.swift */,
				32C23D6C2824007E00CF7841 /* Assets.xcassets */,
			);
			path = Shared;
			sourceTree = "<group>";
		};
		32C23D722824007E00CF7841 /* Products */ = {
			isa = PBXGroup;
			children = (
				32C23D712824007E00CF7841 /* Objects.app */,
				32C23D772824007E00CF7841 /* Objects.app */,
			);
			name = Products;
			sourceTree = "<group>";
		};
		32C23D782824007E00CF7841 /* macOS */ = {
			isa = PBXGroup;
			children = (
				32C23D792824007E00CF7841 /* macOS.entitlements */,
			);
			path = macOS;
			sourceTree = "<group>";
		};
/* End PBXGroup section */

/* Begin PBXNativeTarget section */
		32C23D702824007E00CF7841 /* Objects (iOS) */ = {
			isa = PBXNativeTarget;
			buildConfigurationList = 32C23D822824007E00CF7841 /* Build configuration list for PBXNativeTarget "Objects (iOS)" */;
			buildPhases = (
				32C23D6D2824007E00CF7841 /* Sources */,
				32C23D6E2824007E00CF7841 /* Frameworks */,
				32C23D6F2824007E00CF7841 /* Resources */,
			);
			buildRules = (
			);
			dependencies = (
			);
			name = "Objects (iOS)";
			productName = "Objects (iOS)";
			productReference = 32C23D712824007E00CF7841 /* Objects.app */;
			productType = "com.apple.product-type.application";
		};
		32C23D762824007E00CF7841 /* Objects (macOS) */ = {
			isa = PBXNativeTarget;
			buildConfigurationList = 32C23D852824007E00CF7841 /* Build configuration list for PBXNativeTarget "Objects (macOS)" */;
			buildPhases = (
				32C23D732824007E00CF7841 /* Sources */,
				32C23D742824007E00CF7841 /* Frameworks */,
				32C23D752824007E00CF7841 /* Resources */,
			);
			buildRules = (
			);
			dependencies = (
			);
			name = "Objects (macOS)";
			productName = "Objects (macOS)";
			productReference = 32C23D772824007E00CF7841 /* Objects.app */;
			productType = "com.apple.product-type.application";
		};
/* End PBXNativeTarget section */

/* Begin PBXProject section */
		32C23D652824007C00CF7841 /* Project object */ = {
			isa = PBXProject;
			attributes = {
				BuildIndependentTargetsInParallel = 1;
				LastSwiftUpdateCheck = 1330;
				LastUpgradeCheck = 1330;
				TargetAttributes = {
					32C23D702824007E00CF7841 = {
						CreatedOnToolsVersion = 13.3.1;
					};
					32C23D762824007E00CF7841 = {
						CreatedOnToolsVersion = 13.3.1;
					};
				};
			};
			buildConfigurationList = 32C23D682824007C00CF7841 /* Build configuration list for PBXProject "Objects" */;
			compatibilityVersion = "Xcode 13.0";
			developmentRegion = en;
			hasScannedForEncodings = 0;
			knownRegions = (
				en,
				Base,
			);
			mainGroup = 32C23D642824007C00CF7841;
			productRefGroup = 32C23D722824007E00CF7841 /* Products */;
			projectDirPath = "";
			projectRoot = "";
			targets = (
				32C23D702824007E00CF7841 /* Objects (iOS) */,
				32C23D762824007E00CF7841 /* Objects (macOS) */,
			);
		};
/* End PBXProject section */

/* Begin PBXResourcesBuildPhase section */
		32C23D6F2824007E00CF7841 /* Resources */ = {
			isa = PBXResourcesBuildPhase;
			buildActionMask = 2147483647;
			files = (
				32C23D7E2824007E00CF7841 /* Assets.xcassets in Resources */,
			);
			runOnlyForDeploymentPostprocessing = 0;
		};
		32C23D752824007E00CF7841 /* Resources */ = {
			isa = PBXResourcesBuildPhase;
			buildActionMask = 2147483647;
			files = (
				32C23D7F2824007E00CF7841 /* Assets.xcassets in Resources */,
			);
			runOnlyForDeploymentPostprocessing = 0;
		};
/* End PBXResourcesBuildPhase section */

/* Begin PBXSourcesBuildPhase section */
		32C23D6D2824007E00CF7841 /* Sources */ = {
			isa = PBXSourcesBuildPhase;
			buildActionMask = 2147483647;
			files = (
				32B25CFC282A21CD00EBA49F /* ParticlesModifier.swift in Sources */,
				32B25CF3282410D600EBA49F /* HomePod.swift in Sources */,
				32C23D882824021E00CF7841 /* ContentView.swift in Sources */,
				32B25CF52824110800EBA49F /* HomePodShape.swift in Sources */,
				32B25CF9282A20BC00EBA49F /* MusicParticlesGeometryEffect.swift in Sources */,
				32C23D7A2824007E00CF7841 /* ObjectsApp.swift in Sources */,
			);
			runOnlyForDeploymentPostprocessing = 0;
		};
		32C23D732824007E00CF7841 /* Sources */ = {
			isa = PBXSourcesBuildPhase;
			buildActionMask = 2147483647;
			files = (
				32B25CFD282A21CD00EBA49F /* ParticlesModifier.swift in Sources */,
				32B25CF62824111100EBA49F /* HomePod.swift in Sources */,
				32C23D7D2824007E00CF7841 /* ContentView.swift in Sources */,
				32B25CF72824111300EBA49F /* HomePodShape.swift in Sources */,
				32B25CFA282A20BC00EBA49F /* MusicParticlesGeometryEffect.swift in Sources */,
				32C23D7B2824007E00CF7841 /* ObjectsApp.swift in Sources */,
			);
			runOnlyForDeploymentPostprocessing = 0;
		};
/* End PBXSourcesBuildPhase section */

/* Begin XCBuildConfiguration section */
		32C23D802824007E00CF7841 /* Debug */ = {
			isa = XCBuildConfiguration;
			buildSettings = {
				ALWAYS_SEARCH_USER_PATHS = NO;
				CLANG_ANALYZER_NONNULL = YES;
				CLANG_ANALYZER_NUMBER_OBJECT_CONVERSION = YES_AGGRESSIVE;
				CLANG_CXX_LANGUAGE_STANDARD = "gnu++17";
				CLANG_ENABLE_MODULES = YES;
				CLANG_ENABLE_OBJC_ARC = YES;
				CLANG_ENABLE_OBJC_WEAK = YES;
				CLANG_WARN_BLOCK_CAPTURE_AUTORELEASING = YES;
				CLANG_WARN_BOOL_CONVERSION = YES;
				CLANG_WARN_COMMA = YES;
				CLANG_WARN_CONSTANT_CONVERSION = YES;
				CLANG_WARN_DEPRECATED_OBJC_IMPLEMENTATIONS = YES;
				CLANG_WARN_DIRECT_OBJC_ISA_USAGE = YES_ERROR;
				CLANG_WARN_DOCUMENTATION_COMMENTS = YES;
				CLANG_WARN_EMPTY_BODY = YES;
				CLANG_WARN_ENUM_CONVERSION = YES;
				CLANG_WARN_INFINITE_RECURSION = YES;
				CLANG_WARN_INT_CONVERSION = YES;
				CLANG_WARN_NON_LITERAL_NULL_CONVERSION = YES;
				CLANG_WARN_OBJC_IMPLICIT_RETAIN_SELF = YES;
				CLANG_WARN_OBJC_LITERAL_CONVERSION = YES;
				CLANG_WARN_OBJC_ROOT_CLASS = YES_ERROR;
				CLANG_WARN_QUOTED_INCLUDE_IN_FRAMEWORK_HEADER = YES;
				CLANG_WARN_RANGE_LOOP_ANALYSIS = YES;
				CLANG_WARN_STRICT_PROTOTYPES = YES;
				CLANG_WARN_SUSPICIOUS_MOVE = YES;
				CLANG_WARN_UNGUARDED_AVAILABILITY = YES_AGGRESSIVE;
				CLANG_WARN_UNREACHABLE_CODE = YES;
				CLANG_WARN__DUPLICATE_METHOD_MATCH = YES;
				COPY_PHASE_STRIP = NO;
				DEBUG_INFORMATION_FORMAT = dwarf;
				ENABLE_STRICT_OBJC_MSGSEND = YES;
				ENABLE_TESTABILITY = YES;
				GCC_C_LANGUAGE_STANDARD = gnu11;
				GCC_DYNAMIC_NO_PIC = NO;
				GCC_NO_COMMON_BLOCKS = YES;
				GCC_OPTIMIZATION_LEVEL = 0;
				GCC_PREPROCESSOR_DEFINITIONS = (
					"DEBUG=1",
					"$(inherited)",
				);
				GCC_WARN_64_TO_32_BIT_CONVERSION = YES;
				GCC_WARN_ABOUT_RETURN_TYPE = YES_ERROR;
				GCC_WARN_UNDECLARED_SELECTOR = YES;
				GCC_WARN_UNINITIALIZED_AUTOS = YES_AGGRESSIVE;
				GCC_WARN_UNUSED_FUNCTION = YES;
				GCC_WARN_UNUSED_VARIABLE = YES;
				MTL_ENABLE_DEBUG_INFO = INCLUDE_SOURCE;
				MTL_FAST_MATH = YES;
				ONLY_ACTIVE_ARCH = YES;
				SWIFT_ACTIVE_COMPILATION_CONDITIONS = DEBUG;
				SWIFT_OPTIMIZATION_LEVEL = "-Onone";
			};
			name = Debug;
		};
		32C23D812824007E00CF7841 /* Release */ = {
			isa = XCBuildConfiguration;
			buildSettings = {
				ALWAYS_SEARCH_USER_PATHS = NO;
				CLANG_ANALYZER_NONNULL = YES;
				CLANG_ANALYZER_NUMBER_OBJECT_CONVERSION = YES_AGGRESSIVE;
				CLANG_CXX_LANGUAGE_STANDARD = "gnu++17";
				CLANG_ENABLE_MODULES = YES;
				CLANG_ENABLE_OBJC_ARC = YES;
				CLANG_ENABLE_OBJC_WEAK = YES;
				CLANG_WARN_BLOCK_CAPTURE_AUTORELEASING = YES;
				CLANG_WARN_BOOL_CONVERSION = YES;
				CLANG_WARN_COMMA = YES;
				CLANG_WARN_CONSTANT_CONVERSION = YES;
				CLANG_WARN_DEPRECATED_OBJC_IMPLEMENTATIONS = YES;
				CLANG_WARN_DIRECT_OBJC_ISA_USAGE = YES_ERROR;
				CLANG_WARN_DOCUMENTATION_COMMENTS = YES;
				CLANG_WARN_EMPTY_BODY = YES;
				CLANG_WARN_ENUM_CONVERSION = YES;
				CLANG_WARN_INFINITE_RECURSION = YES;
				CLANG_WARN_INT_CONVERSION = YES;
				CLANG_WARN_NON_LITERAL_NULL_CONVERSION = YES;
				CLANG_WARN_OBJC_IMPLICIT_RETAIN_SELF = YES;
				CLANG_WARN_OBJC_LITERAL_CONVERSION = YES;
				CLANG_WARN_OBJC_ROOT_CLASS = YES_ERROR;
				CLANG_WARN_QUOTED_INCLUDE_IN_FRAMEWORK_HEADER = YES;
				CLANG_WARN_RANGE_LOOP_ANALYSIS = YES;
				CLANG_WARN_STRICT_PROTOTYPES = YES;
				CLANG_WARN_SUSPICIOUS_MOVE = YES;
				CLANG_WARN_UNGUARDED_AVAILABILITY = YES_AGGRESSIVE;
				CLANG_WARN_UNREACHABLE_CODE = YES;
				CLANG_WARN__DUPLICATE_METHOD_MATCH = YES;
				COPY_PHASE_STRIP = NO;
				DEBUG_INFORMATION_FORMAT = "dwarf-with-dsym";
				ENABLE_NS_ASSERTIONS = NO;
				ENABLE_STRICT_OBJC_MSGSEND = YES;
				GCC_C_LANGUAGE_STANDARD = gnu11;
				GCC_NO_COMMON_BLOCKS = YES;
				GCC_WARN_64_TO_32_BIT_CONVERSION = YES;
				GCC_WARN_ABOUT_RETURN_TYPE = YES_ERROR;
				GCC_WARN_UNDECLARED_SELECTOR = YES;
				GCC_WARN_UNINITIALIZED_AUTOS = YES_AGGRESSIVE;
				GCC_WARN_UNUSED_FUNCTION = YES;
				GCC_WARN_UNUSED_VARIABLE = YES;
				MTL_ENABLE_DEBUG_INFO = NO;
				MTL_FAST_MATH = YES;
				SWIFT_COMPILATION_MODE = wholemodule;
				SWIFT_OPTIMIZATION_LEVEL = "-O";
			};
			name = Release;
		};
		32C23D832824007E00CF7841 /* Debug */ = {
			isa = XCBuildConfiguration;
			buildSettings = {
				ASSETCATALOG_COMPILER_APPICON_NAME = AppIcon;
				ASSETCATALOG_COMPILER_GLOBAL_ACCENT_COLOR_NAME = AccentColor;
				CODE_SIGN_STYLE = Automatic;
				CURRENT_PROJECT_VERSION = 1;
				DEVELOPMENT_TEAM = ACL6ZAW595;
				ENABLE_PREVIEWS = YES;
				GENERATE_INFOPLIST_FILE = YES;
				INFOPLIST_KEY_UIApplicationSceneManifest_Generation = YES;
				INFOPLIST_KEY_UIApplicationSupportsIndirectInputEvents = YES;
				INFOPLIST_KEY_UILaunchScreen_Generation = YES;
				INFOPLIST_KEY_UISupportedInterfaceOrientations_iPad = "UIInterfaceOrientationPortrait UIInterfaceOrientationPortraitUpsideDown UIInterfaceOrientationLandscapeLeft UIInterfaceOrientationLandscapeRight";
				INFOPLIST_KEY_UISupportedInterfaceOrientations_iPhone = "UIInterfaceOrientationPortrait UIInterfaceOrientationLandscapeLeft UIInterfaceOrientationLandscapeRight";
				IPHONEOS_DEPLOYMENT_TARGET = 15.4;
				LD_RUNPATH_SEARCH_PATHS = (
					"$(inherited)",
					"@executable_path/Frameworks",
				);
				MARKETING_VERSION = 1.0;
				PRODUCT_BUNDLE_IDENTIFIER = com.byebyechoco.Objects;
				PRODUCT_NAME = Objects;
				SDKROOT = iphoneos;
				SWIFT_EMIT_LOC_STRINGS = YES;
				SWIFT_VERSION = 5.0;
				TARGETED_DEVICE_FAMILY = "1,2";
			};
			name = Debug;
		};
		32C23D842824007E00CF7841 /* Release */ = {
			isa = XCBuildConfiguration;
			buildSettings = {
				ASSETCATALOG_COMPILER_APPICON_NAME = AppIcon;
				ASSETCATALOG_COMPILER_GLOBAL_ACCENT_COLOR_NAME = AccentColor;
				CODE_SIGN_STYLE = Automatic;
				CURRENT_PROJECT_VERSION = 1;
				DEVELOPMENT_TEAM = ACL6ZAW595;
				ENABLE_PREVIEWS = YES;
				GENERATE_INFOPLIST_FILE = YES;
				INFOPLIST_KEY_UIApplicationSceneManifest_Generation = YES;
				INFOPLIST_KEY_UIApplicationSupportsIndirectInputEvents = YES;
				INFOPLIST_KEY_UILaunchScreen_Generation = YES;
				INFOPLIST_KEY_UISupportedInterfaceOrientations_iPad = "UIInterfaceOrientationPortrait UIInterfaceOrientationPortraitUpsideDown UIInterfaceOrientationLandscapeLeft UIInterfaceOrientationLandscapeRight";
				INFOPLIST_KEY_UISupportedInterfaceOrientations_iPhone = "UIInterfaceOrientationPortrait UIInterfaceOrientationLandscapeLeft UIInterfaceOrientationLandscapeRight";
				IPHONEOS_DEPLOYMENT_TARGET = 15.4;
				LD_RUNPATH_SEARCH_PATHS = (
					"$(inherited)",
					"@executable_path/Frameworks",
				);
				MARKETING_VERSION = 1.0;
				PRODUCT_BUNDLE_IDENTIFIER = com.byebyechoco.Objects;
				PRODUCT_NAME = Objects;
				SDKROOT = iphoneos;
				SWIFT_EMIT_LOC_STRINGS = YES;
				SWIFT_VERSION = 5.0;
				TARGETED_DEVICE_FAMILY = "1,2";
				VALIDATE_PRODUCT = YES;
			};
			name = Release;
		};
		32C23D862824007E00CF7841 /* Debug */ = {
			isa = XCBuildConfiguration;
			buildSettings = {
				ASSETCATALOG_COMPILER_APPICON_NAME = AppIcon;
				ASSETCATALOG_COMPILER_GLOBAL_ACCENT_COLOR_NAME = AccentColor;
				CODE_SIGN_ENTITLEMENTS = macOS/macOS.entitlements;
				CODE_SIGN_STYLE = Automatic;
				COMBINE_HIDPI_IMAGES = YES;
				CURRENT_PROJECT_VERSION = 1;
				DEVELOPMENT_TEAM = ACL6ZAW595;
				ENABLE_HARDENED_RUNTIME = YES;
				ENABLE_PREVIEWS = YES;
				GENERATE_INFOPLIST_FILE = YES;
				INFOPLIST_KEY_NSHumanReadableCopyright = "";
				LD_RUNPATH_SEARCH_PATHS = (
					"$(inherited)",
					"@executable_path/../Frameworks",
				);
				MACOSX_DEPLOYMENT_TARGET = 12.3;
				MARKETING_VERSION = 1.0;
				PRODUCT_BUNDLE_IDENTIFIER = com.byebyechoco.Objects;
				PRODUCT_NAME = Objects;
				SDKROOT = macosx;
				SWIFT_EMIT_LOC_STRINGS = YES;
				SWIFT_VERSION = 5.0;
			};
			name = Debug;
		};
		32C23D872824007E00CF7841 /* Release */ = {
			isa = XCBuildConfiguration;
			buildSettings = {
				ASSETCATALOG_COMPILER_APPICON_NAME = AppIcon;
				ASSETCATALOG_COMPILER_GLOBAL_ACCENT_COLOR_NAME = AccentColor;
				CODE_SIGN_ENTITLEMENTS = macOS/macOS.entitlements;
				CODE_SIGN_STYLE = Automatic;
				COMBINE_HIDPI_IMAGES = YES;
				CURRENT_PROJECT_VERSION = 1;
				DEVELOPMENT_TEAM = ACL6ZAW595;
				ENABLE_HARDENED_RUNTIME = YES;
				ENABLE_PREVIEWS = YES;
				GENERATE_INFOPLIST_FILE = YES;
				INFOPLIST_KEY_NSHumanReadableCopyright = "";
				LD_RUNPATH_SEARCH_PATHS = (
					"$(inherited)",
					"@executable_path/../Frameworks",
				);
				MACOSX_DEPLOYMENT_TARGET = 12.3;
				MARKETING_VERSION = 1.0;
				PRODUCT_BUNDLE_IDENTIFIER = com.byebyechoco.Objects;
				PRODUCT_NAME = Objects;
				SDKROOT = macosx;
				SWIFT_EMIT_LOC_STRINGS = YES;
				SWIFT_VERSION = 5.0;
			};
			name = Release;
		};
/* End XCBuildConfiguration section */

/* Begin XCConfigurationList section */
		32C23D682824007C00CF7841 /* Build configuration list for PBXProject "Objects" */ = {
			isa = XCConfigurationList;
			buildConfigurations = (
				32C23D802824007E00CF7841 /* Debug */,
				32C23D812824007E00CF7841 /* Release */,
			);
			defaultConfigurationIsVisible = 0;
			defaultConfigurationName = Release;
		};
		32C23D822824007E00CF7841 /* Build configuration list for PBXNativeTarget "Objects (iOS)" */ = {
			isa = XCConfigurationList;
			buildConfigurations = (
				32C23D832824007E00CF7841 /* Debug */,
				32C23D842824007E00CF7841 /* Release */,
			);
			defaultConfigurationIsVisible = 0;
			defaultConfigurationName = Release;
		};
		32C23D852824007E00CF7841 /* Build configuration list for PBXNativeTarget "Objects (macOS)" */ = {
			isa = XCConfigurationList;
			buildConfigurations = (
				32C23D862824007E00CF7841 /* Debug */,
				32C23D872824007E00CF7841 /* Release */,
			);
			defaultConfigurationIsVisible = 0;
			defaultConfigurationName = Release;
		};
/* End XCConfigurationList section */
	};
	rootObject = 32C23D652824007C00CF7841 /* Project object */;
}
